
Microsoft Visual Studio Solution File, Format Version 12.00
# Visual Studio Version 17
VisualStudioVersion = 17.2.32630.192
MinimumVisualStudioVersion = 10.0.40219.1
Project("{FAE04EC0-301F-11D3-BF4B-00C04F79EFBC}") = "JDBEBIDASAPI", "JDBEBIDASAPI\JDBEBIDASAPI.csproj", "{0F01BD36-1043-4C73-8459-C908E5EA77D4}"
EndProject
Global
	GlobalSection(SolutionConfigurationPlatforms) = preSolution
		Debug|Any CPU = Debug|Any CPU
		Release|Any CPU = Release|Any CPU
	EndGlobalSection
	GlobalSection(ProjectConfigurationPlatforms) = postSolution
		{0F01BD36-1043-4C73-8459-C908E5EA77D4}.Debug|Any CPU.ActiveCfg = Debug|Any CPU
		{0F01BD36-1043-4C73-8459-C908E5EA77D4}.Debug|Any CPU.Build.0 = Debug|Any CPU
		{0F01BD36-1043-4C73-8459-C908E5EA77D4}.Release|Any CPU.ActiveCfg = Release|Any CPU
		{0F01BD36-1043-4C73-8459-C908E5EA77D4}.Release|Any CPU.Build.0 = Release|Any CPU
	EndGlobalSection
	GlobalSection(SolutionProperties) = preSolution
		HideSolutionNode = FALSE
	EndGlobalSection
	GlobalSection(ExtensibilityGlobals) = postSolution
		SolutionGuid = {80F1631C-7F2B-4C77-BF0C-0955EB169D5B}
	EndGlobalSection
EndGlobal
